
Microsoft Visual Studio Solution File, Format Version 12.00
# Visual Studio 15
VisualStudioVersion = 15.0.26430.15
MinimumVisualStudioVersion = 10.0.40219.1
Project("{FAE04EC0-301F-11D3-BF4B-00C04F79EFBC}") = "skimtypes", "skimtypes.csproj", "{EDD810D2-9801-4239-B419-AD5922F3EE8B}"
EndProject
Project("{FAE04EC0-301F-11D3-BF4B-00C04F79EFBC}") = "skimtypesTests", "skimtypesTests\skimtypesTests.csproj", "{C411157E-3375-4DF2-BF93-6F8E7690EDB9}"
EndProject
Global
	GlobalSection(SolutionConfigurationPlatforms) = preSolution
		Debug|Any CPU = Debug|Any CPU
		Release|Any CPU = Release|Any CPU
	EndGlobalSection
	GlobalSection(ProjectConfigurationPlatforms) = postSolution
		{EDD810D2-9801-4239-B419-AD5922F3EE8B}.Debug|Any CPU.ActiveCfg = Debug|Any CPU
		{EDD810D2-9801-4239-B419-AD5922F3EE8B}.Debug|Any CPU.Build.0 = Debug|Any CPU
		{EDD810D2-9801-4239-B419-AD5922F3EE8B}.Release|Any CPU.ActiveCfg = Release|Any CPU
		{EDD810D2-9801-4239-B419-AD5922F3EE8B}.Release|Any CPU.Build.0 = Release|Any CPU
		{C411157E-3375-4DF2-BF93-6F8E7690EDB9}.Debug|Any CPU.ActiveCfg = Debug|Any CPU
		{C411157E-3375-4DF2-BF93-6F8E7690EDB9}.Debug|Any CPU.Build.0 = Debug|Any CPU
		{C411157E-3375-4DF2-BF93-6F8E7690EDB9}.Release|Any CPU.ActiveCfg = Release|Any CPU
		{C411157E-3375-4DF2-BF93-6F8E7690EDB9}.Release|Any CPU.Build.0 = Release|Any CPU
	EndGlobalSection
	GlobalSection(SolutionProperties) = preSolution
		HideSolutionNode = FALSE
	EndGlobalSection
EndGlobal
